
Microsoft Visual Studio Solution File, Format Version 12.00
# Visual Studio Version 17
VisualStudioVersion = 17.14.36811.4 d17.14
MinimumVisualStudioVersion = 10.0.40219.1
Project("{FAE04EC0-301F-11D3-BF4B-00C04F79EFBC}") = "Пробник", "Пробник.csproj", "{3B23D38B-1EAF-4B5C-8B63-0AE0B5307D3D}"
EndProject
Global
	GlobalSection(SolutionConfigurationPlatforms) = preSolution
		Debug|Any CPU = Debug|Any CPU
		Release|Any CPU = Release|Any CPU
	EndGlobalSection
	GlobalSection(ProjectConfigurationPlatforms) = postSolution
		{3B23D38B-1EAF-4B5C-8B63-0AE0B5307D3D}.Debug|Any CPU.ActiveCfg = Debug|Any CPU
		{3B23D38B-1EAF-4B5C-8B63-0AE0B5307D3D}.Debug|Any CPU.Build.0 = Debug|Any CPU
		{3B23D38B-1EAF-4B5C-8B63-0AE0B5307D3D}.Release|Any CPU.ActiveCfg = Release|Any CPU
		{3B23D38B-1EAF-4B5C-8B63-0AE0B5307D3D}.Release|Any CPU.Build.0 = Release|Any CPU
	EndGlobalSection
	GlobalSection(SolutionProperties) = preSolution
		HideSolutionNode = FALSE
	EndGlobalSection
	GlobalSection(ExtensibilityGlobals) = postSolution
		SolutionGuid = {F3A09CD8-31CE-4E1C-8CC4-DEFFA4639488}
	EndGlobalSection
EndGlobal
